
Microsoft Visual Studio Solution File, Format Version 12.00
# Visual Studio Version 17
VisualStudioVersion = 17.0.31903.59
MinimumVisualStudioVersion = 10.0.40219.1
Project("{9A19103F-16F7-4668-BE54-9A1E7A4F7556}") = "AuthHub.Interfaces", "AuthHub.Interfaces\AuthHub.Interfaces.csproj", "{D0842A97-4167-458C-AA13-3A079B255A15}"
EndProject
Project("{9A19103F-16F7-4668-BE54-9A1E7A4F7556}") = "AuthHub.Models", "AuthHub.Models\AuthHub.Models.csproj", "{915C70AF-0FD6-4272-B8B3-23F823C6ADBA}"
EndProject
Project("{9A19103F-16F7-4668-BE54-9A1E7A4F7556}") = "AuthHub.BLL", "AuthHub.BLL\AuthHub.BLL.csproj", "{E9E7872D-4982-4D41-AA57-E7A0E59F7A94}"
EndProject
Project("{9A19103F-16F7-4668-BE54-9A1E7A4F7556}") = "AuthHub.Tests.MockData", "AuthHub.Tests.MockData\AuthHub.Tests.MockData.csproj", "{F375510F-C5CC-4C6A-8939-7D7E56FBBD51}"
EndProject
Project("{9A19103F-16F7-4668-BE54-9A1E7A4F7556}") = "AuthHub.BLL.Tests", "AuthHub.BLL.Tests\AuthHub.BLL.Tests.csproj", "{C1AD8976-2A63-416D-8AB6-E41437AB5BBF}"
EndProject
Project("{9A19103F-16F7-4668-BE54-9A1E7A4F7556}") = "AuthHub.SDK", "AuthHub.SDK\AuthHub.SDK.csproj", "{A8D88A85-2C9A-47B6-8E85-FDD45D42ED10}"
EndProject
Project("{9A19103F-16F7-4668-BE54-9A1E7A4F7556}") = "AuthHub.BLL.Common", "AuthHub.BLL.Common\AuthHub.BLL.Common.csproj", "{88B6F130-398F-420A-A298-33DFADF0C779}"
EndProject
Project("{9A19103F-16F7-4668-BE54-9A1E7A4F7556}") = "AuthHub.BLL.Common.Tests", "AuthHub.BLL.Common.Tests\AuthHub.BLL.Common.Tests.csproj", "{69BA8F02-91AA-43CB-A79F-8D583DC7B827}"
EndProject
Project("{9A19103F-16F7-4668-BE54-9A1E7A4F7556}") = "AuthHub.DAL.Sql.Test.Integration", "AuthHub.DAL.Sql.Test.Integration\AuthHub.DAL.Sql.Test.Integration.csproj", "{35F9CAB2-D6B4-462F-BE01-495738912964}"
EndProject
Project("{2150E333-8FDC-42A3-9474-1A3956D46DE8}") = "Tests", "Tests", "{98DB08B2-3901-4E36-B005-824D5F7D0595}"
EndProject
Project("{9A19103F-16F7-4668-BE54-9A1E7A4F7556}") = "AuthHub.SDK.Tests", "AuthHub.SDK.Tests\AuthHub.SDK.Tests.csproj", "{543CF4BD-833F-4FBB-8CE6-F48A359FF3EA}"
EndProject
Project("{9A19103F-16F7-4668-BE54-9A1E7A4F7556}") = "AuthHub.DAL.EntityFramework", "AuthHub.DAL.EntityFramework\AuthHub.DAL.EntityFramework.csproj", "{9A2BD83D-9AC3-4CD2-9926-EDD17A3BCC22}"
EndProject
Project("{2150E333-8FDC-42A3-9474-1A3956D46DE8}") = "External", "External", "{9A50DB1C-D829-4B44-9EDD-426DD4813493}"
EndProject
Project("{9A19103F-16F7-4668-BE54-9A1E7A4F7556}") = "Common.Interfaces", "..\Common\Common.Interfaces\Common.Interfaces.csproj", "{71C4A065-FFCF-40E6-BF70-7D96F51AD232}"
EndProject
Project("{9A19103F-16F7-4668-BE54-9A1E7A4F7556}") = "Common.Models", "..\Common\Common.Models\Common.Models.csproj", "{52F24DE9-62C5-4657-95D2-D5C1187149E5}"
EndProject
Project("{9A19103F-16F7-4668-BE54-9A1E7A4F7556}") = "Common.Extensions", "..\Common\Common.Extensions\Common.Extensions.csproj", "{E0A9FEA1-F837-4E61-B1C3-5F5B812BE027}"
EndProject
Project("{9A19103F-16F7-4668-BE54-9A1E7A4F7556}") = "Common", "..\Common\Common\Common.csproj", "{D59E2AF9-484C-4A7E-9B19-C3668DCF653B}"
EndProject
Project("{9A19103F-16F7-4668-BE54-9A1E7A4F7556}") = "AuthHub", "AuthHub\AuthHub.csproj", "{9C2A5EA8-C44F-454F-ACE0-3607A041CB75}"
EndProject
Project("{9A19103F-16F7-4668-BE54-9A1E7A4F7556}") = "Common.AspDotNet", "..\Common\Common.AspDotNet\Common.AspDotNet.csproj", "{A2B8331C-6AB2-40CC-8D0C-122E17BB2DD3}"
EndProject
Project("{9A19103F-16F7-4668-BE54-9A1E7A4F7556}") = "Common.EntityFramework", "..\Common\Common.EntityFramework\Common.EntityFramework.csproj", "{F072AE2F-E32D-4D20-9318-82D406950D1E}"
EndProject
Project("{FAE04EC0-301F-11D3-BF4B-00C04F79EFBC}") = "AuthHub.Admin", "AuthHub.Admin\AuthHub.Admin.csproj", "{E18DBE05-821A-470D-ACA5-969341B27079}"
EndProject
Global
	GlobalSection(SolutionConfigurationPlatforms) = preSolution
		Debug|Any CPU = Debug|Any CPU
		Release|Any CPU = Release|Any CPU
		Run Web UI and APIs|Any CPU = Run Web UI and APIs|Any CPU
	EndGlobalSection
	GlobalSection(ProjectConfigurationPlatforms) = postSolution
		{D0842A97-4167-458C-AA13-3A079B255A15}.Debug|Any CPU.ActiveCfg = Debug|Any CPU
		{D0842A97-4167-458C-AA13-3A079B255A15}.Debug|Any CPU.Build.0 = Debug|Any CPU
		{D0842A97-4167-458C-AA13-3A079B255A15}.Release|Any CPU.ActiveCfg = Release|Any CPU
		{D0842A97-4167-458C-AA13-3A079B255A15}.Release|Any CPU.Build.0 = Release|Any CPU
		{D0842A97-4167-458C-AA13-3A079B255A15}.Run Web UI and APIs|Any CPU.ActiveCfg = Run Web UI and APIs|Any CPU
		{D0842A97-4167-458C-AA13-3A079B255A15}.Run Web UI and APIs|Any CPU.Build.0 = Run Web UI and APIs|Any CPU
		{915C70AF-0FD6-4272-B8B3-23F823C6ADBA}.Debug|Any CPU.ActiveCfg = Debug|Any CPU
		{915C70AF-0FD6-4272-B8B3-23F823C6ADBA}.Debug|Any CPU.Build.0 = Debug|Any CPU
		{915C70AF-0FD6-4272-B8B3-23F823C6ADBA}.Release|Any CPU.ActiveCfg = Release|Any CPU
		{915C70AF-0FD6-4272-B8B3-23F823C6ADBA}.Release|Any CPU.Build.0 = Release|Any CPU
		{915C70AF-0FD6-4272-B8B3-23F823C6ADBA}.Run Web UI and APIs|Any CPU.ActiveCfg = Run Web UI and APIs|Any CPU
		{915C70AF-0FD6-4272-B8B3-23F823C6ADBA}.Run Web UI and APIs|Any CPU.Build.0 = Run Web UI and APIs|Any CPU
		{E9E7872D-4982-4D41-AA57-E7A0E59F7A94}.Debug|Any CPU.ActiveCfg = Debug|Any CPU
		{E9E7872D-4982-4D41-AA57-E7A0E59F7A94}.Debug|Any CPU.Build.0 = Debug|Any CPU
		{E9E7872D-4982-4D41-AA57-E7A0E59F7A94}.Release|Any CPU.ActiveCfg = Release|Any CPU
		{E9E7872D-4982-4D41-AA57-E7A0E59F7A94}.Release|Any CPU.Build.0 = Release|Any CPU
		{E9E7872D-4982-4D41-AA57-E7A0E59F7A94}.Run Web UI and APIs|Any CPU.ActiveCfg = Run Web UI and APIs|Any CPU
		{E9E7872D-4982-4D41-AA57-E7A0E59F7A94}.Run Web UI and APIs|Any CPU.Build.0 = Run Web UI and APIs|Any CPU
		{F375510F-C5CC-4C6A-8939-7D7E56FBBD51}.Debug|Any CPU.ActiveCfg = Debug|Any CPU
		{F375510F-C5CC-4C6A-8939-7D7E56FBBD51}.Debug|Any CPU.Build.0 = Debug|Any CPU
		{F375510F-C5CC-4C6A-8939-7D7E56FBBD51}.Release|Any CPU.ActiveCfg = Release|Any CPU
		{F375510F-C5CC-4C6A-8939-7D7E56FBBD51}.Release|Any CPU.Build.0 = Release|Any CPU
		{F375510F-C5CC-4C6A-8939-7D7E56FBBD51}.Run Web UI and APIs|Any CPU.ActiveCfg = Run Web UI and APIs|Any CPU
		{F375510F-C5CC-4C6A-8939-7D7E56FBBD51}.Run Web UI and APIs|Any CPU.Build.0 = Run Web UI and APIs|Any CPU
		{C1AD8976-2A63-416D-8AB6-E41437AB5BBF}.Debug|Any CPU.ActiveCfg = Debug|Any CPU
		{C1AD8976-2A63-416D-8AB6-E41437AB5BBF}.Debug|Any CPU.Build.0 = Debug|Any CPU
		{C1AD8976-2A63-416D-8AB6-E41437AB5BBF}.Release|Any CPU.ActiveCfg = Release|Any CPU
		{C1AD8976-2A63-416D-8AB6-E41437AB5BBF}.Release|Any CPU.Build.0 = Release|Any CPU
		{C1AD8976-2A63-416D-8AB6-E41437AB5BBF}.Run Web UI and APIs|Any CPU.ActiveCfg = Run Web UI and APIs|Any CPU
		{C1AD8976-2A63-416D-8AB6-E41437AB5BBF}.Run Web UI and APIs|Any CPU.Build.0 = Run Web UI and APIs|Any CPU
		{A8D88A85-2C9A-47B6-8E85-FDD45D42ED10}.Debug|Any CPU.ActiveCfg = Debug|Any CPU
		{A8D88A85-2C9A-47B6-8E85-FDD45D42ED10}.Debug|Any CPU.Build.0 = Debug|Any CPU
		{A8D88A85-2C9A-47B6-8E85-FDD45D42ED10}.Release|Any CPU.ActiveCfg = Release|Any CPU
		{A8D88A85-2C9A-47B6-8E85-FDD45D42ED10}.Release|Any CPU.Build.0 = Release|Any CPU
		{A8D88A85-2C9A-47B6-8E85-FDD45D42ED10}.Run Web UI and APIs|Any CPU.ActiveCfg = Run Web UI and APIs|Any CPU
		{A8D88A85-2C9A-47B6-8E85-FDD45D42ED10}.Run Web UI and APIs|Any CPU.Build.0 = Run Web UI and APIs|Any CPU
		{88B6F130-398F-420A-A298-33DFADF0C779}.Debug|Any CPU.ActiveCfg = Debug|Any CPU
		{88B6F130-398F-420A-A298-33DFADF0C779}.Debug|Any CPU.Build.0 = Debug|Any CPU
		{88B6F130-398F-420A-A298-33DFADF0C779}.Release|Any CPU.ActiveCfg = Release|Any CPU
		{88B6F130-398F-420A-A298-33DFADF0C779}.Release|Any CPU.Build.0 = Release|Any CPU
		{88B6F130-398F-420A-A298-33DFADF0C779}.Run Web UI and APIs|Any CPU.ActiveCfg = Run Web UI and APIs|Any CPU
		{88B6F130-398F-420A-A298-33DFADF0C779}.Run Web UI and APIs|Any CPU.Build.0 = Run Web UI and APIs|Any CPU
		{69BA8F02-91AA-43CB-A79F-8D583DC7B827}.Debug|Any CPU.ActiveCfg = Debug|Any CPU
		{69BA8F02-91AA-43CB-A79F-8D583DC7B827}.Debug|Any CPU.Build.0 = Debug|Any CPU
		{69BA8F02-91AA-43CB-A79F-8D583DC7B827}.Release|Any CPU.ActiveCfg = Release|Any CPU
		{69BA8F02-91AA-43CB-A79F-8D583DC7B827}.Release|Any CPU.Build.0 = Release|Any CPU
		{69BA8F02-91AA-43CB-A79F-8D583DC7B827}.Run Web UI and APIs|Any CPU.ActiveCfg = Release|Any CPU
		{69BA8F02-91AA-43CB-A79F-8D583DC7B827}.Run Web UI and APIs|Any CPU.Build.0 = Release|Any CPU
		{35F9CAB2-D6B4-462F-BE01-495738912964}.Debug|Any CPU.ActiveCfg = Debug|Any CPU
		{35F9CAB2-D6B4-462F-BE01-495738912964}.Debug|Any CPU.Build.0 = Debug|Any CPU
		{35F9CAB2-D6B4-462F-BE01-495738912964}.Release|Any CPU.ActiveCfg = Release|Any CPU
		{35F9CAB2-D6B4-462F-BE01-495738912964}.Release|Any CPU.Build.0 = Release|Any CPU
		{35F9CAB2-D6B4-462F-BE01-495738912964}.Run Web UI and APIs|Any CPU.ActiveCfg = Release|Any CPU
		{35F9CAB2-D6B4-462F-BE01-495738912964}.Run Web UI and APIs|Any CPU.Build.0 = Release|Any CPU
		{543CF4BD-833F-4FBB-8CE6-F48A359FF3EA}.Debug|Any CPU.ActiveCfg = Debug|Any CPU
		{543CF4BD-833F-4FBB-8CE6-F48A359FF3EA}.Debug|Any CPU.Build.0 = Debug|Any CPU
		{543CF4BD-833F-4FBB-8CE6-F48A359FF3EA}.Release|Any CPU.ActiveCfg = Release|Any CPU
		{543CF4BD-833F-4FBB-8CE6-F48A359FF3EA}.Release|Any CPU.Build.0 = Release|Any CPU
		{543CF4BD-833F-4FBB-8CE6-F48A359FF3EA}.Run Web UI and APIs|Any CPU.ActiveCfg = Release|Any CPU
		{543CF4BD-833F-4FBB-8CE6-F48A359FF3EA}.Run Web UI and APIs|Any CPU.Build.0 = Release|Any CPU
		{9A2BD83D-9AC3-4CD2-9926-EDD17A3BCC22}.Debug|Any CPU.ActiveCfg = Debug|Any CPU
		{9A2BD83D-9AC3-4CD2-9926-EDD17A3BCC22}.Debug|Any CPU.Build.0 = Debug|Any CPU
		{9A2BD83D-9AC3-4CD2-9926-EDD17A3BCC22}.Release|Any CPU.ActiveCfg = Release|Any CPU
		{9A2BD83D-9AC3-4CD2-9926-EDD17A3BCC22}.Release|Any CPU.Build.0 = Release|Any CPU
		{9A2BD83D-9AC3-4CD2-9926-EDD17A3BCC22}.Run Web UI and APIs|Any CPU.ActiveCfg = Release|Any CPU
		{9A2BD83D-9AC3-4CD2-9926-EDD17A3BCC22}.Run Web UI and APIs|Any CPU.Build.0 = Release|Any CPU
		{71C4A065-FFCF-40E6-BF70-7D96F51AD232}.Debug|Any CPU.ActiveCfg = Debug|Any CPU
		{71C4A065-FFCF-40E6-BF70-7D96F51AD232}.Debug|Any CPU.Build.0 = Debug|Any CPU
		{71C4A065-FFCF-40E6-BF70-7D96F51AD232}.Release|Any CPU.ActiveCfg = Release|Any CPU
		{71C4A065-FFCF-40E6-BF70-7D96F51AD232}.Release|Any CPU.Build.0 = Release|Any CPU
		{71C4A065-FFCF-40E6-BF70-7D96F51AD232}.Run Web UI and APIs|Any CPU.ActiveCfg = Release|Any CPU
		{71C4A065-FFCF-40E6-BF70-7D96F51AD232}.Run Web UI and APIs|Any CPU.Build.0 = Release|Any CPU
		{52F24DE9-62C5-4657-95D2-D5C1187149E5}.Debug|Any CPU.ActiveCfg = Debug|Any CPU
		{52F24DE9-62C5-4657-95D2-D5C1187149E5}.Debug|Any CPU.Build.0 = Debug|Any CPU
		{52F24DE9-62C5-4657-95D2-D5C1187149E5}.Release|Any CPU.ActiveCfg = Release|Any CPU
		{52F24DE9-62C5-4657-95D2-D5C1187149E5}.Release|Any CPU.Build.0 = Release|Any CPU
		{52F24DE9-62C5-4657-95D2-D5C1187149E5}.Run Web UI and APIs|Any CPU.ActiveCfg = Release|Any CPU
		{52F24DE9-62C5-4657-95D2-D5C1187149E5}.Run Web UI and APIs|Any CPU.Build.0 = Release|Any CPU
		{E0A9FEA1-F837-4E61-B1C3-5F5B812BE027}.Debug|Any CPU.ActiveCfg = Debug|Any CPU
		{E0A9FEA1-F837-4E61-B1C3-5F5B812BE027}.Debug|Any CPU.Build.0 = Debug|Any CPU
		{E0A9FEA1-F837-4E61-B1C3-5F5B812BE027}.Release|Any CPU.ActiveCfg = Release|Any CPU
		{E0A9FEA1-F837-4E61-B1C3-5F5B812BE027}.Release|Any CPU.Build.0 = Release|Any CPU
		{E0A9FEA1-F837-4E61-B1C3-5F5B812BE027}.Run Web UI and APIs|Any CPU.ActiveCfg = Release|Any CPU
		{E0A9FEA1-F837-4E61-B1C3-5F5B812BE027}.Run Web UI and APIs|Any CPU.Build.0 = Release|Any CPU
		{D59E2AF9-484C-4A7E-9B19-C3668DCF653B}.Debug|Any CPU.ActiveCfg = Debug|Any CPU
		{D59E2AF9-484C-4A7E-9B19-C3668DCF653B}.Debug|Any CPU.Build.0 = Debug|Any CPU
		{D59E2AF9-484C-4A7E-9B19-C3668DCF653B}.Release|Any CPU.ActiveCfg = Release|Any CPU
		{D59E2AF9-484C-4A7E-9B19-C3668DCF653B}.Release|Any CPU.Build.0 = Release|Any CPU
		{D59E2AF9-484C-4A7E-9B19-C3668DCF653B}.Run Web UI and APIs|Any CPU.ActiveCfg = Release|Any CPU
		{D59E2AF9-484C-4A7E-9B19-C3668DCF653B}.Run Web UI and APIs|Any CPU.Build.0 = Release|Any CPU
		{9C2A5EA8-C44F-454F-ACE0-3607A041CB75}.Debug|Any CPU.ActiveCfg = Debug|Any CPU
		{9C2A5EA8-C44F-454F-ACE0-3607A041CB75}.Debug|Any CPU.Build.0 = Debug|Any CPU
		{9C2A5EA8-C44F-454F-ACE0-3607A041CB75}.Release|Any CPU.ActiveCfg = Release|Any CPU
		{9C2A5EA8-C44F-454F-ACE0-3607A041CB75}.Release|Any CPU.Build.0 = Release|Any CPU
		{9C2A5EA8-C44F-454F-ACE0-3607A041CB75}.Run Web UI and APIs|Any CPU.ActiveCfg = Run Web UI and APIs|Any CPU
		{9C2A5EA8-C44F-454F-ACE0-3607A041CB75}.Run Web UI and APIs|Any CPU.Build.0 = Run Web UI and APIs|Any CPU
		{A2B8331C-6AB2-40CC-8D0C-122E17BB2DD3}.Debug|Any CPU.ActiveCfg = Debug|Any CPU
		{A2B8331C-6AB2-40CC-8D0C-122E17BB2DD3}.Debug|Any CPU.Build.0 = Debug|Any CPU
		{A2B8331C-6AB2-40CC-8D0C-122E17BB2DD3}.Release|Any CPU.ActiveCfg = Release|Any CPU
		{A2B8331C-6AB2-40CC-8D0C-122E17BB2DD3}.Release|Any CPU.Build.0 = Release|Any CPU
		{A2B8331C-6AB2-40CC-8D0C-122E17BB2DD3}.Run Web UI and APIs|Any CPU.ActiveCfg = Release|Any CPU
		{A2B8331C-6AB2-40CC-8D0C-122E17BB2DD3}.Run Web UI and APIs|Any CPU.Build.0 = Release|Any CPU
		{F072AE2F-E32D-4D20-9318-82D406950D1E}.Debug|Any CPU.ActiveCfg = Debug|Any CPU
		{F072AE2F-E32D-4D20-9318-82D406950D1E}.Debug|Any CPU.Build.0 = Debug|Any CPU
		{F072AE2F-E32D-4D20-9318-82D406950D1E}.Release|Any CPU.ActiveCfg = Release|Any CPU
		{F072AE2F-E32D-4D20-9318-82D406950D1E}.Release|Any CPU.Build.0 = Release|Any CPU
		{F072AE2F-E32D-4D20-9318-82D406950D1E}.Run Web UI and APIs|Any CPU.ActiveCfg = Release|Any CPU
		{F072AE2F-E32D-4D20-9318-82D406950D1E}.Run Web UI and APIs|Any CPU.Build.0 = Release|Any CPU
		{E18DBE05-821A-470D-ACA5-969341B27079}.Debug|Any CPU.ActiveCfg = Debug|Any CPU
		{E18DBE05-821A-470D-ACA5-969341B27079}.Debug|Any CPU.Build.0 = Debug|Any CPU
		{E18DBE05-821A-470D-ACA5-969341B27079}.Release|Any CPU.ActiveCfg = Release|Any CPU
		{E18DBE05-821A-470D-ACA5-969341B27079}.Release|Any CPU.Build.0 = Release|Any CPU
		{E18DBE05-821A-470D-ACA5-969341B27079}.Run Web UI and APIs|Any CPU.ActiveCfg = Release|Any CPU
		{E18DBE05-821A-470D-ACA5-969341B27079}.Run Web UI and APIs|Any CPU.Build.0 = Release|Any CPU
	EndGlobalSection
	GlobalSection(SolutionProperties) = preSolution
		HideSolutionNode = FALSE
	EndGlobalSection
	GlobalSection(NestedProjects) = preSolution
		{F375510F-C5CC-4C6A-8939-7D7E56FBBD51} = {98DB08B2-3901-4E36-B005-824D5F7D0595}
		{C1AD8976-2A63-416D-8AB6-E41437AB5BBF} = {98DB08B2-3901-4E36-B005-824D5F7D0595}
		{69BA8F02-91AA-43CB-A79F-8D583DC7B827} = {98DB08B2-3901-4E36-B005-824D5F7D0595}
		{35F9CAB2-D6B4-462F-BE01-495738912964} = {98DB08B2-3901-4E36-B005-824D5F7D0595}
		{543CF4BD-833F-4FBB-8CE6-F48A359FF3EA} = {98DB08B2-3901-4E36-B005-824D5F7D0595}
		{71C4A065-FFCF-40E6-BF70-7D96F51AD232} = {9A50DB1C-D829-4B44-9EDD-426DD4813493}
		{52F24DE9-62C5-4657-95D2-D5C1187149E5} = {9A50DB1C-D829-4B44-9EDD-426DD4813493}
		{E0A9FEA1-F837-4E61-B1C3-5F5B812BE027} = {9A50DB1C-D829-4B44-9EDD-426DD4813493}
		{D59E2AF9-484C-4A7E-9B19-C3668DCF653B} = {9A50DB1C-D829-4B44-9EDD-426DD4813493}
		{A2B8331C-6AB2-40CC-8D0C-122E17BB2DD3} = {9A50DB1C-D829-4B44-9EDD-426DD4813493}
		{F072AE2F-E32D-4D20-9318-82D406950D1E} = {9A50DB1C-D829-4B44-9EDD-426DD4813493}
	EndGlobalSection
	GlobalSection(ExtensibilityGlobals) = postSolution
		SolutionGuid = {269FF6BF-D8F2-4568-A5A6-61255063C32F}
	EndGlobalSection
EndGlobal
